
Microsoft Visual Studio Solution File, Format Version 12.00
# Visual Studio Version 16
VisualStudioVersion = 16.0.32228.343
MinimumVisualStudioVersion = 10.0.40219.1
Project("{FAE04EC0-301F-11D3-BF4B-00C04F79EFBC}") = "WebApplication", "WebApplication\WebApplication.csproj", "{2D157AF2-F16E-48A2-BFB0-65DAAB20687C}"
EndProject
Global
	GlobalSection(SolutionConfigurationPlatforms) = preSolution
		Debug|Any CPU = Debug|Any CPU
		Release|Any CPU = Release|Any CPU
	EndGlobalSection
	GlobalSection(ProjectConfigurationPlatforms) = postSolution
		{2D157AF2-F16E-48A2-BFB0-65DAAB20687C}.Debug|Any CPU.ActiveCfg = Debug|Any CPU
		{2D157AF2-F16E-48A2-BFB0-65DAAB20687C}.Debug|Any CPU.Build.0 = Debug|Any CPU
		{2D157AF2-F16E-48A2-BFB0-65DAAB20687C}.Release|Any CPU.ActiveCfg = Release|Any CPU
		{2D157AF2-F16E-48A2-BFB0-65DAAB20687C}.Release|Any CPU.Build.0 = Release|Any CPU
	EndGlobalSection
	GlobalSection(SolutionProperties) = preSolution
		HideSolutionNode = FALSE
	EndGlobalSection
	GlobalSection(ExtensibilityGlobals) = postSolution
		SolutionGuid = {56948334-92AF-4B75-8674-7D30CB66E3EE}
	EndGlobalSection
EndGlobal
